
Microsoft Visual Studio Solution File, Format Version 12.00
# Visual Studio Version 17
VisualStudioVersion = 17.0.31903.59
MinimumVisualStudioVersion = 10.0.40219.1
Project("{FAE04EC0-301F-11D3-BF4B-00C04F79EFBC}") = "Services", "Services\Services.csproj", "{816D6250-3D61-4885-88FB-7ADC1CC1149A}"
EndProject
Project("{FAE04EC0-301F-11D3-BF4B-00C04F79EFBC}") = "Repositories", "Repositories\Repositories.csproj", "{49DE3380-DEC0-4F92-897D-FF30CA0A4D95}"
EndProject
Project("{FAE04EC0-301F-11D3-BF4B-00C04F79EFBC}") = "Entities", "Entities\Entities.csproj", "{23AC8E54-4244-4007-B5C8-CA30B046ED4C}"
EndProject
Project("{FAE04EC0-301F-11D3-BF4B-00C04F79EFBC}") = "MvcApp", "MvcApp\MvcApp.csproj", "{49C51A06-37FC-4BE2-BB4E-AC5265FD4386}"
EndProject
Project("{FAE04EC0-301F-11D3-BF4B-00C04F79EFBC}") = "Presentation", "Presentation\Presentation.csproj", "{181A6EAD-1501-42E7-B00E-858C42CE2FB4}"
EndProject
Global
	GlobalSection(SolutionConfigurationPlatforms) = preSolution
		Debug|Any CPU = Debug|Any CPU
		Release|Any CPU = Release|Any CPU
	EndGlobalSection
	GlobalSection(SolutionProperties) = preSolution
		HideSolutionNode = FALSE
	EndGlobalSection
	GlobalSection(ProjectConfigurationPlatforms) = postSolution
		{816D6250-3D61-4885-88FB-7ADC1CC1149A}.Debug|Any CPU.ActiveCfg = Debug|Any CPU
		{816D6250-3D61-4885-88FB-7ADC1CC1149A}.Debug|Any CPU.Build.0 = Debug|Any CPU
		{816D6250-3D61-4885-88FB-7ADC1CC1149A}.Release|Any CPU.ActiveCfg = Release|Any CPU
		{816D6250-3D61-4885-88FB-7ADC1CC1149A}.Release|Any CPU.Build.0 = Release|Any CPU
		{49DE3380-DEC0-4F92-897D-FF30CA0A4D95}.Debug|Any CPU.ActiveCfg = Debug|Any CPU
		{49DE3380-DEC0-4F92-897D-FF30CA0A4D95}.Debug|Any CPU.Build.0 = Debug|Any CPU
		{49DE3380-DEC0-4F92-897D-FF30CA0A4D95}.Release|Any CPU.ActiveCfg = Release|Any CPU
		{49DE3380-DEC0-4F92-897D-FF30CA0A4D95}.Release|Any CPU.Build.0 = Release|Any CPU
		{23AC8E54-4244-4007-B5C8-CA30B046ED4C}.Debug|Any CPU.ActiveCfg = Debug|Any CPU
		{23AC8E54-4244-4007-B5C8-CA30B046ED4C}.Debug|Any CPU.Build.0 = Debug|Any CPU
		{23AC8E54-4244-4007-B5C8-CA30B046ED4C}.Release|Any CPU.ActiveCfg = Release|Any CPU
		{23AC8E54-4244-4007-B5C8-CA30B046ED4C}.Release|Any CPU.Build.0 = Release|Any CPU
		{49C51A06-37FC-4BE2-BB4E-AC5265FD4386}.Debug|Any CPU.ActiveCfg = Debug|Any CPU
		{49C51A06-37FC-4BE2-BB4E-AC5265FD4386}.Debug|Any CPU.Build.0 = Debug|Any CPU
		{49C51A06-37FC-4BE2-BB4E-AC5265FD4386}.Release|Any CPU.ActiveCfg = Release|Any CPU
		{49C51A06-37FC-4BE2-BB4E-AC5265FD4386}.Release|Any CPU.Build.0 = Release|Any CPU
		{181A6EAD-1501-42E7-B00E-858C42CE2FB4}.Debug|Any CPU.ActiveCfg = Debug|Any CPU
		{181A6EAD-1501-42E7-B00E-858C42CE2FB4}.Debug|Any CPU.Build.0 = Debug|Any CPU
		{181A6EAD-1501-42E7-B00E-858C42CE2FB4}.Release|Any CPU.ActiveCfg = Release|Any CPU
		{181A6EAD-1501-42E7-B00E-858C42CE2FB4}.Release|Any CPU.Build.0 = Release|Any CPU
	EndGlobalSection
EndGlobal
